# This file is @generated by PDM.
# It is not intended for manual editing.

[metadata]
groups = ["default"]
strategy = ["inherit_metadata"]
lock_version = "4.5.0"
content_hash = "sha256:5c2bb0407d23a4ca7544347a566e38b5979a0d11d67b97cba500812826788118"

[[metadata.targets]]
requires_python = "==3.10.*"

[[package]]
name = "gitignore-parser"
version = "0.1.11"
summary = "A spec-compliant gitignore parser for Python 3.5+"
groups = ["default"]
files = [
    {file = "gitignore_parser-0.1.11.tar.gz", hash = "sha256:fa10fde48b44888eeefac096f53bcdad9b87a4ffd7db788558dbdf71ff3bc9db"},
]
